
Microsoft Visual Studio Solution File, Format Version 12.00
# Visual Studio Version 16
VisualStudioVersion = 16.0.30611.23
MinimumVisualStudioVersion = 10.0.40219.1
Project("{FAE04EC0-301F-11D3-BF4B-00C04F79EFBC}") = "Abstract", "Abstract\Abstract.csproj", "{4E0BD67A-6108-44E7-85FE-763A79252684}"
EndProject
Global
	GlobalSection(SolutionConfigurationPlatforms) = preSolution
		Debug|Any CPU = Debug|Any CPU
		Release|Any CPU = Release|Any CPU
	EndGlobalSection
	GlobalSection(ProjectConfigurationPlatforms) = postSolution
		{4E0BD67A-6108-44E7-85FE-763A79252684}.Debug|Any CPU.ActiveCfg = Debug|Any CPU
		{4E0BD67A-6108-44E7-85FE-763A79252684}.Debug|Any CPU.Build.0 = Debug|Any CPU
		{4E0BD67A-6108-44E7-85FE-763A79252684}.Release|Any CPU.ActiveCfg = Release|Any CPU
		{4E0BD67A-6108-44E7-85FE-763A79252684}.Release|Any CPU.Build.0 = Release|Any CPU
	EndGlobalSection
	GlobalSection(SolutionProperties) = preSolution
		HideSolutionNode = FALSE
	EndGlobalSection
	GlobalSection(ExtensibilityGlobals) = postSolution
		SolutionGuid = {E18AA6C8-1EC0-47D7-B8F8-F136EFF0DAA9}
	EndGlobalSection
EndGlobal
